
Microsoft Visual Studio Solution File, Format Version 12.00
# Visual Studio Version 16
VisualStudioVersion = 16.0.29519.181
MinimumVisualStudioVersion = 10.0.40219.1
Project("{FAE04EC0-301F-11D3-BF4B-00C04F79EFBC}") = "EHR_ServiceTool_V3", "EHR_ServiceTool_V3\EHR_ServiceTool_V3.csproj", "{2EE3DD72-7241-431D-A496-B3F1E89DB69D}"
EndProject
Global
	GlobalSection(SolutionConfigurationPlatforms) = preSolution
		Debug|Any CPU = Debug|Any CPU
		Release|Any CPU = Release|Any CPU
	EndGlobalSection
	GlobalSection(ProjectConfigurationPlatforms) = postSolution
		{2EE3DD72-7241-431D-A496-B3F1E89DB69D}.Debug|Any CPU.ActiveCfg = Debug|Any CPU
		{2EE3DD72-7241-431D-A496-B3F1E89DB69D}.Debug|Any CPU.Build.0 = Debug|Any CPU
		{2EE3DD72-7241-431D-A496-B3F1E89DB69D}.Release|Any CPU.ActiveCfg = Release|Any CPU
		{2EE3DD72-7241-431D-A496-B3F1E89DB69D}.Release|Any CPU.Build.0 = Release|Any CPU
	EndGlobalSection
	GlobalSection(SolutionProperties) = preSolution
		HideSolutionNode = FALSE
	EndGlobalSection
	GlobalSection(ExtensibilityGlobals) = postSolution
		SolutionGuid = {AFE52AB2-B0A0-470C-B24B-AD9834575AB8}
	EndGlobalSection
EndGlobal
